
Microsoft Visual Studio Solution File, Format Version 12.00
# Visual Studio Version 17
VisualStudioVersion = 17.3.32804.467
MinimumVisualStudioVersion = 10.0.40219.1
Project("{FAE04EC0-301F-11D3-BF4B-00C04F79EFBC}") = "Enum", "Enum\Enum.csproj", "{D23A17AF-ACC8-43B2-BE5E-7E4007E14B7E}"
EndProject
Global
	GlobalSection(SolutionConfigurationPlatforms) = preSolution
		Debug|Any CPU = Debug|Any CPU
		Release|Any CPU = Release|Any CPU
	EndGlobalSection
	GlobalSection(ProjectConfigurationPlatforms) = postSolution
		{D23A17AF-ACC8-43B2-BE5E-7E4007E14B7E}.Debug|Any CPU.ActiveCfg = Debug|Any CPU
		{D23A17AF-ACC8-43B2-BE5E-7E4007E14B7E}.Debug|Any CPU.Build.0 = Debug|Any CPU
		{D23A17AF-ACC8-43B2-BE5E-7E4007E14B7E}.Release|Any CPU.ActiveCfg = Release|Any CPU
		{D23A17AF-ACC8-43B2-BE5E-7E4007E14B7E}.Release|Any CPU.Build.0 = Release|Any CPU
	EndGlobalSection
	GlobalSection(SolutionProperties) = preSolution
		HideSolutionNode = FALSE
	EndGlobalSection
	GlobalSection(ExtensibilityGlobals) = postSolution
		SolutionGuid = {59F27D37-E1D9-4425-BF74-C54537CD0131}
	EndGlobalSection
EndGlobal
